
Microsoft Visual Studio Solution File, Format Version 12.00
# Visual Studio Version 17
VisualStudioVersion = 17.9.34701.34
MinimumVisualStudioVersion = 10.0.40219.1
Project("{9A19103F-16F7-4668-BE54-9A1E7A4F7556}") = "EventBackend", "EventBackend.csproj", "{36D91C86-4950-40E4-B917-FEDACB7FBEB9}"
EndProject
Project("{9A19103F-16F7-4668-BE54-9A1E7A4F7556}") = "EventDataAccess", "..\EventDataAccess\EventDataAccess.csproj", "{C6E97123-EB89-4071-B8FC-738076585AD2}"
EndProject
Project("{9A19103F-16F7-4668-BE54-9A1E7A4F7556}") = "EventDomain", "..\EventDomain\EventDomain.csproj", "{8BAEF3D6-5DD2-42C7-8C12-81D55A3B7A64}"
EndProject
Global
	GlobalSection(SolutionConfigurationPlatforms) = preSolution
		Debug|Any CPU = Debug|Any CPU
		Release|Any CPU = Release|Any CPU
	EndGlobalSection
	GlobalSection(ProjectConfigurationPlatforms) = postSolution
		{36D91C86-4950-40E4-B917-FEDACB7FBEB9}.Debug|Any CPU.ActiveCfg = Debug|Any CPU
		{36D91C86-4950-40E4-B917-FEDACB7FBEB9}.Debug|Any CPU.Build.0 = Debug|Any CPU
		{36D91C86-4950-40E4-B917-FEDACB7FBEB9}.Release|Any CPU.ActiveCfg = Release|Any CPU
		{36D91C86-4950-40E4-B917-FEDACB7FBEB9}.Release|Any CPU.Build.0 = Release|Any CPU
		{C6E97123-EB89-4071-B8FC-738076585AD2}.Debug|Any CPU.ActiveCfg = Debug|Any CPU
		{C6E97123-EB89-4071-B8FC-738076585AD2}.Debug|Any CPU.Build.0 = Debug|Any CPU
		{C6E97123-EB89-4071-B8FC-738076585AD2}.Release|Any CPU.ActiveCfg = Release|Any CPU
		{C6E97123-EB89-4071-B8FC-738076585AD2}.Release|Any CPU.Build.0 = Release|Any CPU
		{8BAEF3D6-5DD2-42C7-8C12-81D55A3B7A64}.Debug|Any CPU.ActiveCfg = Debug|Any CPU
		{8BAEF3D6-5DD2-42C7-8C12-81D55A3B7A64}.Debug|Any CPU.Build.0 = Debug|Any CPU
		{8BAEF3D6-5DD2-42C7-8C12-81D55A3B7A64}.Release|Any CPU.ActiveCfg = Release|Any CPU
		{8BAEF3D6-5DD2-42C7-8C12-81D55A3B7A64}.Release|Any CPU.Build.0 = Release|Any CPU
	EndGlobalSection
	GlobalSection(SolutionProperties) = preSolution
		HideSolutionNode = FALSE
	EndGlobalSection
	GlobalSection(ExtensibilityGlobals) = postSolution
		SolutionGuid = {8E722B31-2D66-4D57-8B95-C95244268A9A}
	EndGlobalSection
EndGlobal
